
Microsoft Visual Studio Solution File, Format Version 12.00
Project("{FAE04EC0-301F-11D3-BF4B-00C04F79EFBC}") = "Week2Voorbeeld1", "Week2Voorbeeld1\Week2Voorbeeld1.csproj", "{391A5EE0-FD61-4744-B03A-A235ECA44060}"
EndProject
Global
	GlobalSection(SolutionConfigurationPlatforms) = preSolution
		Debug|Any CPU = Debug|Any CPU
		Release|Any CPU = Release|Any CPU
	EndGlobalSection
	GlobalSection(ProjectConfigurationPlatforms) = postSolution
		{391A5EE0-FD61-4744-B03A-A235ECA44060}.Debug|Any CPU.ActiveCfg = Debug|Any CPU
		{391A5EE0-FD61-4744-B03A-A235ECA44060}.Debug|Any CPU.Build.0 = Debug|Any CPU
		{391A5EE0-FD61-4744-B03A-A235ECA44060}.Release|Any CPU.ActiveCfg = Release|Any CPU
		{391A5EE0-FD61-4744-B03A-A235ECA44060}.Release|Any CPU.Build.0 = Release|Any CPU
	EndGlobalSection
EndGlobal
